// !$*UTF8*$!
{
	archiveVersion = 1;
	classes = {
	};
	objectVersion = 77;
	objects = {

/* Begin PBXBuildFile section */
		BFBF2C652F0AD5C00064DAD3 /* Secterts.xcconfig in Sources */ = {isa = PBXBuildFile; fileRef = BFBF2C642F0AD5BC0064DAD3 /* Secterts.xcconfig */; };
/* End PBXBuildFile section */

/* Begin PBXContainerItemProxy section */
		BFBF2BBA2F0513820064DAD3 /* PBXContainerItemProxy */ = {
			isa = PBXContainerItemProxy;
			containerPortal = BFBF2BA42F0513800064DAD3 /* Project object */;
			proxyType = 1;
			remoteGlobalIDString = BFBF2BAB2F0513800064DAD3;
			remoteInfo = "BoardRoomApp-T10";
		};
		BFBF2BC42F0513820064DAD3 /* PBXContainerItemProxy */ = {
			isa = PBXContainerItemProxy;
			containerPortal = BFBF2BA42F0513800064DAD3 /* Project object */;
			proxyType = 1;
			remoteGlobalIDString = BFBF2BAB2F0513800064DAD3;
			remoteInfo = "BoardRoomApp-T10";
		};
/* End PBXContainerItemProxy section */

/* Begin PBXFileReference section */
		BFBF2BAC2F0513800064DAD3 /* BoardRoomApp-T10.app */ = {isa = PBXFileReference; explicitFileType = wrapper.application; includeInIndex = 0; path = "BoardRoomApp-T10.app"; sourceTree = BUILT_PRODUCTS_DIR; };
		BFBF2BB92F0513820064DAD3 /* BoardRoomApp-T10Tests.xctest */ = {isa = PBXFileReference; explicitFileType = wrapper.cfbundle; includeInIndex = 0; path = "BoardRoomApp-T10Tests.xctest"; sourceTree = BUILT_PRODUCTS_DIR; };
		BFBF2BC32F0513820064DAD3 /* BoardRoomApp-T10UITests.xctest */ = {isa = PBXFileReference; explicitFileType = wrapper.cfbundle; includeInIndex = 0; path = "BoardRoomApp-T10UITests.xctest"; sourceTree = BUILT_PRODUCTS_DIR; };
		BFBF2C202F0660780064DAD3 /* BoardRoomApp-T10-Info.plist */ = {isa = PBXFileReference; lastKnownFileType = text.plist; path = "BoardRoomApp-T10-Info.plist"; sourceTree = "<group>"; };
		BFBF2C642F0AD5BC0064DAD3 /* Secterts.xcconfig */ = {isa = PBXFileReference; lastKnownFileType = text.xcconfig; path = Secterts.xcconfig; sourceTree = "<group>"; };
/* End PBXFileReference section */

/* Begin PBXFileSystemSynchronizedRootGroup section */
		BFBF2BAE2F0513800064DAD3 /* View */ = {
			isa = PBXFileSystemSynchronizedRootGroup;
			path = View;
			sourceTree = "<group>";
		};
		BFBF2BBC2F0513820064DAD3 /* BoardRoomApp-T10Tests */ = {
			isa = PBXFileSystemSynchronizedRootGroup;
			path = "BoardRoomApp-T10Tests";
			sourceTree = "<group>";
		};
		BFBF2BC62F0513820064DAD3 /* BoardRoomApp-T10UITests */ = {
			isa = PBXFileSystemSynchronizedRootGroup;
			path = "BoardRoomApp-T10UITests";
			sourceTree = "<group>";
		};
		BFBF2BEA2F0514DA0064DAD3 /* Model */ = {
			isa = PBXFileSystemSynchronizedRootGroup;
			path = Model;
			sourceTree = "<group>";
		};
		BFBF2BEB2F0514E20064DAD3 /* ViewModel */ = {
			isa = PBXFileSystemSynchronizedRootGroup;
			path = ViewModel;
			sourceTree = "<group>";
		};
/* End PBXFileSystemSynchronizedRootGroup section */

/* Begin PBXFrameworksBuildPhase section */
		BFBF2BA92F0513800064DAD3 /* Frameworks */ = {
			isa = PBXFrameworksBuildPhase;
			buildActionMask = 2147483647;
			files = (
			);
			runOnlyForDeploymentPostprocessing = 0;
		};
		BFBF2BB62F0513820064DAD3 /* Frameworks */ = {
			isa = PBXFrameworksBuildPhase;
			buildActionMask = 2147483647;
			files = (
			);
			runOnlyForDeploymentPostprocessing = 0;
		};
		BFBF2BC02F0513820064DAD3 /* Frameworks */ = {
			isa = PBXFrameworksBuildPhase;
			buildActionMask = 2147483647;
			files = (
			);
			runOnlyForDeploymentPostprocessing = 0;
		};
/* End PBXFrameworksBuildPhase section */

/* Begin PBXGroup section */
		BFBF2BA32F0513800064DAD3 = {
			isa = PBXGroup;
			children = (
				BFBF2C642F0AD5BC0064DAD3 /* Secterts.xcconfig */,
				BFBF2C202F0660780064DAD3 /* BoardRoomApp-T10-Info.plist */,
				BFBF2BEA2F0514DA0064DAD3 /* Model */,
				BFBF2BAE2F0513800064DAD3 /* View */,
				BFBF2BEB2F0514E20064DAD3 /* ViewModel */,
				BFBF2BBC2F0513820064DAD3 /* BoardRoomApp-T10Tests */,
				BFBF2BC62F0513820064DAD3 /* BoardRoomApp-T10UITests */,
				BFBF2BAD2F0513800064DAD3 /* Products */,
			);
			sourceTree = "<group>";
		};
		BFBF2BAD2F0513800064DAD3 /* Products */ = {
			isa = PBXGroup;
			children = (
				BFBF2BAC2F0513800064DAD3 /* BoardRoomApp-T10.app */,
				BFBF2BB92F0513820064DAD3 /* BoardRoomApp-T10Tests.xctest */,
				BFBF2BC32F0513820064DAD3 /* BoardRoomApp-T10UITests.xctest */,
			);
			name = Products;
			sourceTree = "<group>";
		};
/* End PBXGroup section */

/* Begin PBXNativeTarget section */
		BFBF2BAB2F0513800064DAD3 /* BoardRoomApp-T10 */ = {
			isa = PBXNativeTarget;
			buildConfigurationList = BFBF2BCD2F0513820064DAD3 /* Build configuration list for PBXNativeTarget "BoardRoomApp-T10" */;
			buildPhases = (
				BFBF2BA82F0513800064DAD3 /* Sources */,
				BFBF2BA92F0513800064DAD3 /* Frameworks */,
				BFBF2BAA2F0513800064DAD3 /* Resources */,
			);
			buildRules = (
			);
			dependencies = (
			);
			fileSystemSynchronizedGroups = (
				BFBF2BAE2F0513800064DAD3 /* View */,
				BFBF2BEA2F0514DA0064DAD3 /* Model */,
				BFBF2BEB2F0514E20064DAD3 /* ViewModel */,
			);
			name = "BoardRoomApp-T10";
			packageProductDependencies = (
			);
			productName = "BoardRoomApp-T10";
			productReference = BFBF2BAC2F0513800064DAD3 /* BoardRoomApp-T10.app */;
			productType = "com.apple.product-type.application";
		};
		BFBF2BB82F0513820064DAD3 /* BoardRoomApp-T10Tests */ = {
			isa = PBXNativeTarget;
			buildConfigurationList = BFBF2BD02F0513820064DAD3 /* Build configuration list for PBXNativeTarget "BoardRoomApp-T10Tests" */;
			buildPhases = (
				BFBF2BB52F0513820064DAD3 /* Sources */,
				BFBF2BB62F0513820064DAD3 /* Frameworks */,
				BFBF2BB72F0513820064DAD3 /* Resources */,
			);
			buildRules = (
			);
			dependencies = (
				BFBF2BBB2F0513820064DAD3 /* PBXTargetDependency */,
			);
			fileSystemSynchronizedGroups = (
				BFBF2BBC2F0513820064DAD3 /* BoardRoomApp-T10Tests */,
			);
			name = "BoardRoomApp-T10Tests";
			packageProductDependencies = (
			);
			productName = "BoardRoomApp-T10Tests";
			productReference = BFBF2BB92F0513820064DAD3 /* BoardRoomApp-T10Tests.xctest */;
			productType = "com.apple.product-type.bundle.unit-test";
		};
		BFBF2BC22F0513820064DAD3 /* BoardRoomApp-T10UITests */ = {
			isa = PBXNativeTarget;
			buildConfigurationList = BFBF2BD32F0513820064DAD3 /* Build configuration list for PBXNativeTarget "BoardRoomApp-T10UITests" */;
			buildPhases = (
				BFBF2BBF2F0513820064DAD3 /* Sources */,
				BFBF2BC02F0513820064DAD3 /* Frameworks */,
				BFBF2BC12F0513820064DAD3 /* Resources */,
			);
			buildRules = (
			);
			dependencies = (
				BFBF2BC52F0513820064DAD3 /* PBXTargetDependency */,
			);
			fileSystemSynchronizedGroups = (
				BFBF2BC62F0513820064DAD3 /* BoardRoomApp-T10UITests */,
			);
			name = "BoardRoomApp-T10UITests";
			packageProductDependencies = (
			);
			productName = "BoardRoomApp-T10UITests";
			productReference = BFBF2BC32F0513820064DAD3 /* BoardRoomApp-T10UITests.xctest */;
			productType = "com.apple.product-type.bundle.ui-testing";
		};
/* End PBXNativeTarget section */

/* Begin PBXProject section */
		BFBF2BA42F0513800064DAD3 /* Project object */ = {
			isa = PBXProject;
			attributes = {
				BuildIndependentTargetsInParallel = 1;
				LastSwiftUpdateCheck = 2610;
				LastUpgradeCheck = 2610;
				TargetAttributes = {
					BFBF2BAB2F0513800064DAD3 = {
						CreatedOnToolsVersion = 26.1.1;
					};
					BFBF2BB82F0513820064DAD3 = {
						CreatedOnToolsVersion = 26.1.1;
						TestTargetID = BFBF2BAB2F0513800064DAD3;
					};
					BFBF2BC22F0513820064DAD3 = {
						CreatedOnToolsVersion = 26.1.1;
						TestTargetID = BFBF2BAB2F0513800064DAD3;
					};
				};
			};
			buildConfigurationList = BFBF2BA72F0513800064DAD3 /* Build configuration list for PBXProject "BoardRoomApp-T10" */;
			developmentRegion = en;
			hasScannedForEncodings = 0;
			knownRegions = (
				en,
				Base,
			);
			mainGroup = BFBF2BA32F0513800064DAD3;
			minimizedProjectReferenceProxies = 1;
			preferredProjectObjectVersion = 77;
			productRefGroup = BFBF2BAD2F0513800064DAD3 /* Products */;
			projectDirPath = "";
			projectRoot = "";
			targets = (
				BFBF2BAB2F0513800064DAD3 /* BoardRoomApp-T10 */,
				BFBF2BB82F0513820064DAD3 /* BoardRoomApp-T10Tests */,
				BFBF2BC22F0513820064DAD3 /* BoardRoomApp-T10UITests */,
			);
		};
/* End PBXProject section */

/* Begin PBXResourcesBuildPhase section */
		BFBF2BAA2F0513800064DAD3 /* Resources */ = {
			isa = PBXResourcesBuildPhase;
			buildActionMask = 2147483647;
			files = (
			);
			runOnlyForDeploymentPostprocessing = 0;
		};
		BFBF2BB72F0513820064DAD3 /* Resources */ = {
			isa = PBXResourcesBuildPhase;
			buildActionMask = 2147483647;
			files = (
			);
			runOnlyForDeploymentPostprocessing = 0;
		};
		BFBF2BC12F0513820064DAD3 /* Resources */ = {
			isa = PBXResourcesBuildPhase;
			buildActionMask = 2147483647;
			files = (
			);
			runOnlyForDeploymentPostprocessing = 0;
		};
/* End PBXResourcesBuildPhase section */

/* Begin PBXSourcesBuildPhase section */
		BFBF2BA82F0513800064DAD3 /* Sources */ = {
			isa = PBXSourcesBuildPhase;
			buildActionMask = 2147483647;
			files = (
				BFBF2C652F0AD5C00064DAD3 /* Secterts.xcconfig in Sources */,
			);
			runOnlyForDeploymentPostprocessing = 0;
		};
		BFBF2BB52F0513820064DAD3 /* Sources */ = {
			isa = PBXSourcesBuildPhase;
			buildActionMask = 2147483647;
			files = (
			);
			runOnlyForDeploymentPostprocessing = 0;
		};
		BFBF2BBF2F0513820064DAD3 /* Sources */ = {
			isa = PBXSourcesBuildPhase;
			buildActionMask = 2147483647;
			files = (
			);
			runOnlyForDeploymentPostprocessing = 0;
		};
/* End PBXSourcesBuildPhase section */

/* Begin PBXTargetDependency section */
		BFBF2BBB2F0513820064DAD3 /* PBXTargetDependency */ = {
			isa = PBXTargetDependency;
			target = BFBF2BAB2F0513800064DAD3 /* BoardRoomApp-T10 */;
			targetProxy = BFBF2BBA2F0513820064DAD3 /* PBXContainerItemProxy */;
		};
		BFBF2BC52F0513820064DAD3 /* PBXTargetDependency */ = {
			isa = PBXTargetDependency;
			target = BFBF2BAB2F0513800064DAD3 /* BoardRoomApp-T10 */;
			targetProxy = BFBF2BC42F0513820064DAD3 /* PBXContainerItemProxy */;
		};
/* End PBXTargetDependency section */

/* Begin XCBuildConfiguration section */
		BFBF2BCB2F0513820064DAD3 /* Debug */ = {
			isa = XCBuildConfiguration;
			buildSettings = {
				ALWAYS_SEARCH_USER_PATHS = NO;
				ASSETCATALOG_COMPILER_GENERATE_SWIFT_ASSET_SYMBOL_EXTENSIONS = YES;
				CLANG_ANALYZER_NONNULL = YES;
				CLANG_ANALYZER_NUMBER_OBJECT_CONVERSION = YES_AGGRESSIVE;
				CLANG_CXX_LANGUAGE_STANDARD = "gnu++20";
				CLANG_ENABLE_MODULES = YES;
				CLANG_ENABLE_OBJC_ARC = YES;
				CLANG_ENABLE_OBJC_WEAK = YES;
				CLANG_WARN_BLOCK_CAPTURE_AUTORELEASING = YES;
				CLANG_WARN_BOOL_CONVERSION = YES;
				CLANG_WARN_COMMA = YES;
				CLANG_WARN_CONSTANT_CONVERSION = YES;
				CLANG_WARN_DEPRECATED_OBJC_IMPLEMENTATIONS = YES;
				CLANG_WARN_DIRECT_OBJC_ISA_USAGE = YES_ERROR;
				CLANG_WARN_DOCUMENTATION_COMMENTS = YES;
				CLANG_WARN_EMPTY_BODY = YES;
				CLANG_WARN_ENUM_CONVERSION = YES;
				CLANG_WARN_INFINITE_RECURSION = YES;
				CLANG_WARN_INT_CONVERSION = YES;
				CLANG_WARN_NON_LITERAL_NULL_CONVERSION = YES;
				CLANG_WARN_OBJC_IMPLICIT_RETAIN_SELF = YES;
				CLANG_WARN_OBJC_LITERAL_CONVERSION = YES;
				CLANG_WARN_OBJC_ROOT_CLASS = YES_ERROR;
				CLANG_WARN_QUOTED_INCLUDE_IN_FRAMEWORK_HEADER = YES;
				CLANG_WARN_RANGE_LOOP_ANALYSIS = YES;
				CLANG_WARN_STRICT_PROTOTYPES = YES;
				CLANG_WARN_SUSPICIOUS_MOVE = YES;
				CLANG_WARN_UNGUARDED_AVAILABILITY = YES_AGGRESSIVE;
				CLANG_WARN_UNREACHABLE_CODE = YES;
				CLANG_WARN__DUPLICATE_METHOD_MATCH = YES;
				COPY_PHASE_STRIP = NO;
				DEBUG_INFORMATION_FORMAT = dwarf;
				DEVELOPMENT_TEAM = GSU9AG3547;
				ENABLE_STRICT_OBJC_MSGSEND = YES;
				ENABLE_TESTABILITY = YES;
				ENABLE_USER_SCRIPT_SANDBOXING = YES;
				GCC_C_LANGUAGE_STANDARD = gnu17;
				GCC_DYNAMIC_NO_PIC = NO;
				GCC_NO_COMMON_BLOCKS = YES;
				GCC_OPTIMIZATION_LEVEL = 0;
				GCC_PREPROCESSOR_DEFINITIONS = (
					"DEBUG=1",
					"$(inherited)",
				);
				GCC_WARN_64_TO_32_BIT_CONVERSION = YES;
				GCC_WARN_ABOUT_RETURN_TYPE = YES_ERROR;
				GCC_WARN_UNDECLARED_SELECTOR = YES;
				GCC_WARN_UNINITIALIZED_AUTOS = YES_AGGRESSIVE;
				GCC_WARN_UNUSED_FUNCTION = YES;
				GCC_WARN_UNUSED_VARIABLE = YES;
				IPHONEOS_DEPLOYMENT_TARGET = 26.1;
				LOCALIZATION_PREFERS_STRING_CATALOGS = YES;
				MTL_ENABLE_DEBUG_INFO = INCLUDE_SOURCE;
				MTL_FAST_MATH = YES;
				ONLY_ACTIVE_ARCH = YES;
				SDKROOT = iphoneos;
				SWIFT_ACTIVE_COMPILATION_CONDITIONS = "DEBUG $(inherited)";
				SWIFT_OPTIMIZATION_LEVEL = "-Onone";
			};
			name = Debug;
		};
		BFBF2BCC2F0513820064DAD3 /* Release */ = {
			isa = XCBuildConfiguration;
			buildSettings = {
				ALWAYS_SEARCH_USER_PATHS = NO;
				ASSETCATALOG_COMPILER_GENERATE_SWIFT_ASSET_SYMBOL_EXTENSIONS = YES;
				CLANG_ANALYZER_NONNULL = YES;
				CLANG_ANALYZER_NUMBER_OBJECT_CONVERSION = YES_AGGRESSIVE;
				CLANG_CXX_LANGUAGE_STANDARD = "gnu++20";
				CLANG_ENABLE_MODULES = YES;
				CLANG_ENABLE_OBJC_ARC = YES;
				CLANG_ENABLE_OBJC_WEAK = YES;
				CLANG_WARN_BLOCK_CAPTURE_AUTORELEASING = YES;
				CLANG_WARN_BOOL_CONVERSION = YES;
				CLANG_WARN_COMMA = YES;
				CLANG_WARN_CONSTANT_CONVERSION = YES;
				CLANG_WARN_DEPRECATED_OBJC_IMPLEMENTATIONS = YES;
				CLANG_WARN_DIRECT_OBJC_ISA_USAGE = YES_ERROR;
				CLANG_WARN_DOCUMENTATION_COMMENTS = YES;
				CLANG_WARN_EMPTY_BODY = YES;
				CLANG_WARN_ENUM_CONVERSION = YES;
				CLANG_WARN_INFINITE_RECURSION = YES;
				CLANG_WARN_INT_CONVERSION = YES;
				CLANG_WARN_NON_LITERAL_NULL_CONVERSION = YES;
				CLANG_WARN_OBJC_IMPLICIT_RETAIN_SELF = YES;
				CLANG_WARN_OBJC_LITERAL_CONVERSION = YES;
				CLANG_WARN_OBJC_ROOT_CLASS = YES_ERROR;
				CLANG_WARN_QUOTED_INCLUDE_IN_FRAMEWORK_HEADER = YES;
				CLANG_WARN_RANGE_LOOP_ANALYSIS = YES;
				CLANG_WARN_STRICT_PROTOTYPES = YES;
				CLANG_WARN_SUSPICIOUS_MOVE = YES;
				CLANG_WARN_UNGUARDED_AVAILABILITY = YES_AGGRESSIVE;
				CLANG_WARN_UNREACHABLE_CODE = YES;
				CLANG_WARN__DUPLICATE_METHOD_MATCH = YES;
				COPY_PHASE_STRIP = NO;
				DEBUG_INFORMATION_FORMAT = "dwarf-with-dsym";
				DEVELOPMENT_TEAM = GSU9AG3547;
				ENABLE_NS_ASSERTIONS = NO;
				ENABLE_STRICT_OBJC_MSGSEND = YES;
				ENABLE_USER_SCRIPT_SANDBOXING = YES;
				GCC_C_LANGUAGE_STANDARD = gnu17;
				GCC_NO_COMMON_BLOCKS = YES;
				GCC_WARN_64_TO_32_BIT_CONVERSION = YES;
				GCC_WARN_ABOUT_RETURN_TYPE = YES_ERROR;
				GCC_WARN_UNDECLARED_SELECTOR = YES;
				GCC_WARN_UNINITIALIZED_AUTOS = YES_AGGRESSIVE;
				GCC_WARN_UNUSED_FUNCTION = YES;
				GCC_WARN_UNUSED_VARIABLE = YES;
				IPHONEOS_DEPLOYMENT_TARGET = 26.1;
				LOCALIZATION_PREFERS_STRING_CATALOGS = YES;
				MTL_ENABLE_DEBUG_INFO = NO;
				MTL_FAST_MATH = YES;
				SDKROOT = iphoneos;
				SWIFT_COMPILATION_MODE = wholemodule;
				VALIDATE_PRODUCT = YES;
			};
			name = Release;
		};
		BFBF2BCE2F0513820064DAD3 /* Debug */ = {
			isa = XCBuildConfiguration;
			buildSettings = {
				ASSETCATALOG_COMPILER_APPICON_NAME = AppIcon;
				ASSETCATALOG_COMPILER_GLOBAL_ACCENT_COLOR_NAME = AccentColor;
				CODE_SIGN_STYLE = Automatic;
				CURRENT_PROJECT_VERSION = 1;
				DEVELOPMENT_TEAM = GSU9AG3547;
				ENABLE_PREVIEWS = YES;
				GENERATE_INFOPLIST_FILE = YES;
				INFOPLIST_FILE = "BoardRoomApp-T10-Info.plist";
				INFOPLIST_KEY_UIApplicationSceneManifest_Generation = YES;
				INFOPLIST_KEY_UIApplicationSupportsIndirectInputEvents = YES;
				INFOPLIST_KEY_UILaunchScreen_Generation = YES;
				INFOPLIST_KEY_UISupportedInterfaceOrientations_iPad = "UIInterfaceOrientationPortrait UIInterfaceOrientationPortraitUpsideDown UIInterfaceOrientationLandscapeLeft UIInterfaceOrientationLandscapeRight";
				INFOPLIST_KEY_UISupportedInterfaceOrientations_iPhone = "UIInterfaceOrientationPortrait UIInterfaceOrientationLandscapeLeft UIInterfaceOrientationLandscapeRight";
				LD_RUNPATH_SEARCH_PATHS = (
					"$(inherited)",
					"@executable_path/Frameworks",
				);
				MARKETING_VERSION = 1.0;
				PRODUCT_BUNDLE_IDENTIFIER = "com.BoardRoom.BoardRoomApp-T10";
				PRODUCT_NAME = "$(TARGET_NAME)";
				STRING_CATALOG_GENERATE_SYMBOLS = YES;
				SWIFT_APPROACHABLE_CONCURRENCY = YES;
				SWIFT_DEFAULT_ACTOR_ISOLATION = MainActor;
				SWIFT_EMIT_LOC_STRINGS = YES;
				SWIFT_UPCOMING_FEATURE_MEMBER_IMPORT_VISIBILITY = YES;
				SWIFT_VERSION = 5.0;
				TARGETED_DEVICE_FAMILY = "1,2";
			};
			name = Debug;
		};
		BFBF2BCF2F0513820064DAD3 /* Release */ = {
			isa = XCBuildConfiguration;
			buildSettings = {
				ASSETCATALOG_COMPILER_APPICON_NAME = AppIcon;
				ASSETCATALOG_COMPILER_GLOBAL_ACCENT_COLOR_NAME = AccentColor;
				CODE_SIGN_STYLE = Automatic;
				CURRENT_PROJECT_VERSION = 1;
				DEVELOPMENT_TEAM = GSU9AG3547;
				ENABLE_PREVIEWS = YES;
				GENERATE_INFOPLIST_FILE = YES;
				INFOPLIST_FILE = "BoardRoomApp-T10-Info.plist";
				INFOPLIST_KEY_UIApplicationSceneManifest_Generation = YES;
				INFOPLIST_KEY_UIApplicationSupportsIndirectInputEvents = YES;
				INFOPLIST_KEY_UILaunchScreen_Generation = YES;
				INFOPLIST_KEY_UISupportedInterfaceOrientations_iPad = "UIInterfaceOrientationPortrait UIInterfaceOrientationPortraitUpsideDown UIInterfaceOrientationLandscapeLeft UIInterfaceOrientationLandscapeRight";
				INFOPLIST_KEY_UISupportedInterfaceOrientations_iPhone = "UIInterfaceOrientationPortrait UIInterfaceOrientationLandscapeLeft UIInterfaceOrientationLandscapeRight";
				LD_RUNPATH_SEARCH_PATHS = (
					"$(inherited)",
					"@executable_path/Frameworks",
				);
				MARKETING_VERSION = 1.0;
				PRODUCT_BUNDLE_IDENTIFIER = "com.BoardRoom.BoardRoomApp-T10";
				PRODUCT_NAME = "$(TARGET_NAME)";
				STRING_CATALOG_GENERATE_SYMBOLS = YES;
				SWIFT_APPROACHABLE_CONCURRENCY = YES;
				SWIFT_DEFAULT_ACTOR_ISOLATION = MainActor;
				SWIFT_EMIT_LOC_STRINGS = YES;
				SWIFT_UPCOMING_FEATURE_MEMBER_IMPORT_VISIBILITY = YES;
				SWIFT_VERSION = 5.0;
				TARGETED_DEVICE_FAMILY = "1,2";
			};
			name = Release;
		};
		BFBF2BD12F0513820064DAD3 /* Debug */ = {
			isa = XCBuildConfiguration;
			buildSettings = {
				BUNDLE_LOADER = "$(TEST_HOST)";
				CODE_SIGN_STYLE = Automatic;
				CURRENT_PROJECT_VERSION = 1;
				DEVELOPMENT_TEAM = GSU9AG3547;
				GENERATE_INFOPLIST_FILE = YES;
				IPHONEOS_DEPLOYMENT_TARGET = 26.1;
				MARKETING_VERSION = 1.0;
				PRODUCT_BUNDLE_IDENTIFIER = "com.BoardRoom.BoardRoomApp-T10Tests";
				PRODUCT_NAME = "$(TARGET_NAME)";
				STRING_CATALOG_GENERATE_SYMBOLS = NO;
				SWIFT_APPROACHABLE_CONCURRENCY = YES;
				SWIFT_EMIT_LOC_STRINGS = NO;
				SWIFT_UPCOMING_FEATURE_MEMBER_IMPORT_VISIBILITY = YES;
				SWIFT_VERSION = 5.0;
				TARGETED_DEVICE_FAMILY = "1,2";
				TEST_HOST = "$(BUILT_PRODUCTS_DIR)/BoardRoomApp-T10.app/$(BUNDLE_EXECUTABLE_FOLDER_PATH)/BoardRoomApp-T10";
			};
			name = Debug;
		};
		BFBF2BD22F0513820064DAD3 /* Release */ = {
			isa = XCBuildConfiguration;
			buildSettings = {
				BUNDLE_LOADER = "$(TEST_HOST)";
				CODE_SIGN_STYLE = Automatic;
				CURRENT_PROJECT_VERSION = 1;
				DEVELOPMENT_TEAM = GSU9AG3547;
				GENERATE_INFOPLIST_FILE = YES;
				IPHONEOS_DEPLOYMENT_TARGET = 26.1;
				MARKETING_VERSION = 1.0;
				PRODUCT_BUNDLE_IDENTIFIER = "com.BoardRoom.BoardRoomApp-T10Tests";
				PRODUCT_NAME = "$(TARGET_NAME)";
				STRING_CATALOG_GENERATE_SYMBOLS = NO;
				SWIFT_APPROACHABLE_CONCURRENCY = YES;
				SWIFT_EMIT_LOC_STRINGS = NO;
				SWIFT_UPCOMING_FEATURE_MEMBER_IMPORT_VISIBILITY = YES;
				SWIFT_VERSION = 5.0;
				TARGETED_DEVICE_FAMILY = "1,2";
				TEST_HOST = "$(BUILT_PRODUCTS_DIR)/BoardRoomApp-T10.app/$(BUNDLE_EXECUTABLE_FOLDER_PATH)/BoardRoomApp-T10";
			};
			name = Release;
		};
		BFBF2BD42F0513820064DAD3 /* Debug */ = {
			isa = XCBuildConfiguration;
			buildSettings = {
				CODE_SIGN_STYLE = Automatic;
				CURRENT_PROJECT_VERSION = 1;
				DEVELOPMENT_TEAM = GSU9AG3547;
				GENERATE_INFOPLIST_FILE = YES;
				MARKETING_VERSION = 1.0;
				PRODUCT_BUNDLE_IDENTIFIER = "com.BoardRoom.BoardRoomApp-T10UITests";
				PRODUCT_NAME = "$(TARGET_NAME)";
				STRING_CATALOG_GENERATE_SYMBOLS = NO;
				SWIFT_APPROACHABLE_CONCURRENCY = YES;
				SWIFT_EMIT_LOC_STRINGS = NO;
				SWIFT_UPCOMING_FEATURE_MEMBER_IMPORT_VISIBILITY = YES;
				SWIFT_VERSION = 5.0;
				TARGETED_DEVICE_FAMILY = "1,2";
				TEST_TARGET_NAME = "BoardRoomApp-T10";
			};
			name = Debug;
		};
		BFBF2BD52F0513820064DAD3 /* Release */ = {
			isa = XCBuildConfiguration;
			buildSettings = {
				CODE_SIGN_STYLE = Automatic;
				CURRENT_PROJECT_VERSION = 1;
				DEVELOPMENT_TEAM = GSU9AG3547;
				GENERATE_INFOPLIST_FILE = YES;
				MARKETING_VERSION = 1.0;
				PRODUCT_BUNDLE_IDENTIFIER = "com.BoardRoom.BoardRoomApp-T10UITests";
				PRODUCT_NAME = "$(TARGET_NAME)";
				STRING_CATALOG_GENERATE_SYMBOLS = NO;
				SWIFT_APPROACHABLE_CONCURRENCY = YES;
				SWIFT_EMIT_LOC_STRINGS = NO;
				SWIFT_UPCOMING_FEATURE_MEMBER_IMPORT_VISIBILITY = YES;
				SWIFT_VERSION = 5.0;
				TARGETED_DEVICE_FAMILY = "1,2";
				TEST_TARGET_NAME = "BoardRoomApp-T10";
			};
			name = Release;
		};
/* End XCBuildConfiguration section */

/* Begin XCConfigurationList section */
		BFBF2BA72F0513800064DAD3 /* Build configuration list for PBXProject "BoardRoomApp-T10" */ = {
			isa = XCConfigurationList;
			buildConfigurations = (
				BFBF2BCB2F0513820064DAD3 /* Debug */,
				BFBF2BCC2F0513820064DAD3 /* Release */,
			);
			defaultConfigurationIsVisible = 0;
			defaultConfigurationName = Release;
		};
		BFBF2BCD2F0513820064DAD3 /* Build configuration list for PBXNativeTarget "BoardRoomApp-T10" */ = {
			isa = XCConfigurationList;
			buildConfigurations = (
				BFBF2BCE2F0513820064DAD3 /* Debug */,
				BFBF2BCF2F0513820064DAD3 /* Release */,
			);
			defaultConfigurationIsVisible = 0;
			defaultConfigurationName = Release;
		};
		BFBF2BD02F0513820064DAD3 /* Build configuration list for PBXNativeTarget "BoardRoomApp-T10Tests" */ = {
			isa = XCConfigurationList;
			buildConfigurations = (
				BFBF2BD12F0513820064DAD3 /* Debug */,
				BFBF2BD22F0513820064DAD3 /* Release */,
			);
			defaultConfigurationIsVisible = 0;
			defaultConfigurationName = Release;
		};
		BFBF2BD32F0513820064DAD3 /* Build configuration list for PBXNativeTarget "BoardRoomApp-T10UITests" */ = {
			isa = XCConfigurationList;
			buildConfigurations = (
				BFBF2BD42F0513820064DAD3 /* Debug */,
				BFBF2BD52F0513820064DAD3 /* Release */,
			);
			defaultConfigurationIsVisible = 0;
			defaultConfigurationName = Release;
		};
/* End XCConfigurationList section */
	};
	rootObject = BFBF2BA42F0513800064DAD3 /* Project object */;
}
